{
  "name": "learn-typescript",
  "version": "0.1.0",
  "lockfileVersion": 1,
  "requires": true,
  "dependencies": {
    "typescript": {
      "version": "3.3.4000",
      "resolved": "http://registry.npm.taobao.org/typescript/download/typescript-3.3.4000.tgz?cache=0&other_urls=http%3A%2F%2Fregistry.npm.taobao.org%2Ftypescript%2Fdownload%2Ftypescript-3.3.4000.tgz",
      "integrity": "sha1-drD4nP2/l4J+ERLWTyg/EVHWrfA=",
      "dev": true
    }
  }
}
